
Microsoft Visual Studio Solution File, Format Version 12.00
# Visual Studio Express 14 for Windows Desktop
VisualStudioVersion = 14.0.25420.1
MinimumVisualStudioVersion = 10.0.40219.1
Project("{FAE04EC0-301F-11D3-BF4B-00C04F79EFBC}") = "CQL.Demo", "CQL.Demo\CQL.Demo.csproj", "{8D68478C-1A27-4293-BFBF-9BB3C63B54F7}"
	ProjectSection(ProjectDependencies) = postProject
		{1DEC8C20-F9E0-4B6E-BAAB-26847204CB12} = {1DEC8C20-F9E0-4B6E-BAAB-26847204CB12}
	EndProjectSection
EndProject
Project("{FAE04EC0-301F-11D3-BF4B-00C04F79EFBC}") = "CQL", "CQL\CQL.csproj", "{E07E2313-AA23-4498-AFEC-28E2B7C6FD33}"
EndProject
Project("{FAE04EC0-301F-11D3-BF4B-00C04F79EFBC}") = "CQL.Tests", "CQL.Tests\CQL.Tests.csproj", "{1D669631-D619-42F9-962E-CB4CC4A31616}"
EndProject
Project("{FAE04EC0-301F-11D3-BF4B-00C04F79EFBC}") = "CQL.WPF", "CQL.WPF\CQL.WPF.csproj", "{1DEC8C20-F9E0-4B6E-BAAB-26847204CB12}"
EndProject
Project("{2150E333-8FDC-42A3-9474-1A3956D46DE8}") = "Solution Items", "Solution Items", "{60EA63E8-6B25-4AB6-9049-E0AB8A324F73}"
	ProjectSection(SolutionItems) = preProject
		DOCUMENTATION.md = DOCUMENTATION.md
		LICENSE.md = LICENSE.md
		README.md = README.md
		TODO.md = TODO.md
	EndProjectSection
EndProject
Global
	GlobalSection(SolutionConfigurationPlatforms) = preSolution
		Debug|Any CPU = Debug|Any CPU
		Release|Any CPU = Release|Any CPU
	EndGlobalSection
	GlobalSection(ProjectConfigurationPlatforms) = postSolution
		{8D68478C-1A27-4293-BFBF-9BB3C63B54F7}.Debug|Any CPU.ActiveCfg = Debug|Any CPU
		{8D68478C-1A27-4293-BFBF-9BB3C63B54F7}.Debug|Any CPU.Build.0 = Debug|Any CPU
		{8D68478C-1A27-4293-BFBF-9BB3C63B54F7}.Release|Any CPU.ActiveCfg = Release|Any CPU
		{8D68478C-1A27-4293-BFBF-9BB3C63B54F7}.Release|Any CPU.Build.0 = Release|Any CPU
		{E07E2313-AA23-4498-AFEC-28E2B7C6FD33}.Debug|Any CPU.ActiveCfg = Debug|Any CPU
		{E07E2313-AA23-4498-AFEC-28E2B7C6FD33}.Debug|Any CPU.Build.0 = Debug|Any CPU
		{E07E2313-AA23-4498-AFEC-28E2B7C6FD33}.Release|Any CPU.ActiveCfg = Release|Any CPU
		{E07E2313-AA23-4498-AFEC-28E2B7C6FD33}.Release|Any CPU.Build.0 = Release|Any CPU
		{1D669631-D619-42F9-962E-CB4CC4A31616}.Debug|Any CPU.ActiveCfg = Debug|Any CPU
		{1D669631-D619-42F9-962E-CB4CC4A31616}.Debug|Any CPU.Build.0 = Debug|Any CPU
		{1D669631-D619-42F9-962E-CB4CC4A31616}.Release|Any CPU.ActiveCfg = Release|Any CPU
		{1D669631-D619-42F9-962E-CB4CC4A31616}.Release|Any CPU.Build.0 = Release|Any CPU
		{1DEC8C20-F9E0-4B6E-BAAB-26847204CB12}.Debug|Any CPU.ActiveCfg = Debug|Any CPU
		{1DEC8C20-F9E0-4B6E-BAAB-26847204CB12}.Debug|Any CPU.Build.0 = Debug|Any CPU
		{1DEC8C20-F9E0-4B6E-BAAB-26847204CB12}.Release|Any CPU.ActiveCfg = Release|Any CPU
		{1DEC8C20-F9E0-4B6E-BAAB-26847204CB12}.Release|Any CPU.Build.0 = Release|Any CPU
	EndGlobalSection
	GlobalSection(SolutionProperties) = preSolution
		HideSolutionNode = FALSE
	EndGlobalSection
EndGlobal
